
Microsoft Visual Studio Solution File, Format Version 12.00
# Visual Studio Version 16
VisualStudioVersion = 16.0.31729.503
MinimumVisualStudioVersion = 10.0.40219.1
Project("{FAE04EC0-301F-11D3-BF4B-00C04F79EFBC}") = "Display", "Display\Display.csproj", "{295F4C29-0128-4125-BF74-4B2195B66BC6}"
EndProject
Global
	GlobalSection(SolutionConfigurationPlatforms) = preSolution
		Debug|Any CPU = Debug|Any CPU
		Release|Any CPU = Release|Any CPU
	EndGlobalSection
	GlobalSection(ProjectConfigurationPlatforms) = postSolution
		{295F4C29-0128-4125-BF74-4B2195B66BC6}.Debug|Any CPU.ActiveCfg = Debug|Any CPU
		{295F4C29-0128-4125-BF74-4B2195B66BC6}.Debug|Any CPU.Build.0 = Debug|Any CPU
		{295F4C29-0128-4125-BF74-4B2195B66BC6}.Release|Any CPU.ActiveCfg = Release|Any CPU
		{295F4C29-0128-4125-BF74-4B2195B66BC6}.Release|Any CPU.Build.0 = Release|Any CPU
	EndGlobalSection
	GlobalSection(SolutionProperties) = preSolution
		HideSolutionNode = FALSE
	EndGlobalSection
	GlobalSection(ExtensibilityGlobals) = postSolution
		SolutionGuid = {CEC33026-F354-4E6C-A3C4-CE75F9DA57AA}
	EndGlobalSection
EndGlobal
